{
  "name": "week-14-1",
  "version": "1.0.0",
  "lockfileVersion": 2,
  "requires": true,
  "packages": {
    "": {
      "name": "week-14-1",
      "version": "1.0.0",
      "license": "ISC",
      "dependencies": {
        "@trpc/client": "^10.38.1",
        "@trpc/server": "^10.38.1",
        "zod": "^3.22.2"
      }
    },
    "node_modules/@trpc/client": {
      "version": "10.38.1",
      "resolved": "https://registry.npmjs.org/@trpc/client/-/client-10.38.1.tgz",
      "integrity": "sha512-kY7ZV7Eco5SeFIGJX6OBg7AAKkiMt5+1N+GC7N1lTZszrw95ZiNgtkZ5TI6+Un4O+RqrOcqqast6MeExCoyZhQ==",
      "funding": [
        "https://trpc.io/sponsor"
      ],
      "peerDependencies": {
        "@trpc/server": "10.38.1"
      }
    },
    "node_modules/@trpc/server": {
      "version": "10.38.1",
      "resolved": "https://registry.npmjs.org/@trpc/server/-/server-10.38.1.tgz",
      "integrity": "sha512-59mM0Jk3cnWBExSv4Z4cw/776MPwa+rcVNywnV5gyHyK/p5qHtis1b1JPYdTEQZ0zhR+6zeto14rTR51hg+Nuw==",
      "funding": [
        "https://trpc.io/sponsor"
      ]
    },
    "node_modules/zod": {
      "version": "3.22.2",
      "resolved": "https://registry.npmjs.org/zod/-/zod-3.22.2.tgz",
      "integrity": "sha512-wvWkphh5WQsJbVk1tbx1l1Ly4yg+XecD+Mq280uBGt9wa5BKSWf4Mhp6GmrkPixhMxmabYY7RbzlwVP32pbGCg==",
      "funding": {
        "url": "https://github.com/sponsors/colinhacks"
      }
    }
  },
  "dependencies": {
    "@trpc/client": {
      "version": "10.38.1",
      "resolved": "https://registry.npmjs.org/@trpc/client/-/client-10.38.1.tgz",
      "integrity": "sha512-kY7ZV7Eco5SeFIGJX6OBg7AAKkiMt5+1N+GC7N1lTZszrw95ZiNgtkZ5TI6+Un4O+RqrOcqqast6MeExCoyZhQ==",
      "requires": {}
    },
    "@trpc/server": {
      "version": "10.38.1",
      "resolved": "https://registry.npmjs.org/@trpc/server/-/server-10.38.1.tgz",
      "integrity": "sha512-59mM0Jk3cnWBExSv4Z4cw/776MPwa+rcVNywnV5gyHyK/p5qHtis1b1JPYdTEQZ0zhR+6zeto14rTR51hg+Nuw=="
    },
    "zod": {
      "version": "3.22.2",
      "resolved": "https://registry.npmjs.org/zod/-/zod-3.22.2.tgz",
      "integrity": "sha512-wvWkphh5WQsJbVk1tbx1l1Ly4yg+XecD+Mq280uBGt9wa5BKSWf4Mhp6GmrkPixhMxmabYY7RbzlwVP32pbGCg=="
    }
  }
}
